
Microsoft Visual Studio Solution File, Format Version 12.00
# Visual Studio Version 17
VisualStudioVersion = 17.0.31903.59
MinimumVisualStudioVersion = 10.0.40219.1
Project("{9A19103F-16F7-4668-BE54-9A1E7A4F7556}") = "Snakie", "Snakie.csproj", "{ADD66AEB-AF55-4EB7-9159-7EA4CB5CC0AF}"
EndProject
Global
	GlobalSection(SolutionConfigurationPlatforms) = preSolution
		Debug|Any CPU = Debug|Any CPU
		Release|Any CPU = Release|Any CPU
	EndGlobalSection
	GlobalSection(ProjectConfigurationPlatforms) = postSolution
		{ADD66AEB-AF55-4EB7-9159-7EA4CB5CC0AF}.Debug|Any CPU.ActiveCfg = Debug|Any CPU
		{ADD66AEB-AF55-4EB7-9159-7EA4CB5CC0AF}.Debug|Any CPU.Build.0 = Debug|Any CPU
		{ADD66AEB-AF55-4EB7-9159-7EA4CB5CC0AF}.Release|Any CPU.ActiveCfg = Release|Any CPU
		{ADD66AEB-AF55-4EB7-9159-7EA4CB5CC0AF}.Release|Any CPU.Build.0 = Release|Any CPU
	EndGlobalSection
	GlobalSection(SolutionProperties) = preSolution
		HideSolutionNode = FALSE
	EndGlobalSection
EndGlobal